// !$*UTF8*$!
{
	archiveVersion = 1;
	classes = {
	};
	objectVersion = 50;
	objects = {

/* Begin PBXBuildFile section */
		84D93041217FF96400F91DEF /* AppDelegate.swift in Sources */ = {isa = PBXBuildFile; fileRef = 84D93040217FF96400F91DEF /* AppDelegate.swift */; };
		84D93043217FF96400F91DEF /* ViewController.swift in Sources */ = {isa = PBXBuildFile; fileRef = 84D93042217FF96400F91DEF /* ViewController.swift */; };
		84D93046217FF96400F91DEF /* Main.storyboard in Resources */ = {isa = PBXBuildFile; fileRef = 84D93044217FF96400F91DEF /* Main.storyboard */; };
		84D93048217FF96700F91DEF /* Assets.xcassets in Resources */ = {isa = PBXBuildFile; fileRef = 84D93047217FF96700F91DEF /* Assets.xcassets */; };
		84D9304B217FF96700F91DEF /* LaunchScreen.storyboard in Resources */ = {isa = PBXBuildFile; fileRef = 84D93049217FF96700F91DEF /* LaunchScreen.storyboard */; };
		84D93054217FFDB600F91DEF /* PlayingCard.swift in Sources */ = {isa = PBXBuildFile; fileRef = 84D93053217FFDB600F91DEF /* PlayingCard.swift */; };
		84D930562180109D00F91DEF /* PlayingCardDeck.swift in Sources */ = {isa = PBXBuildFile; fileRef = 84D930552180109D00F91DEF /* PlayingCardDeck.swift */; };
		84D930602180407700F91DEF /* PlayingCardView.swift in Sources */ = {isa = PBXBuildFile; fileRef = 84D9305F2180407700F91DEF /* PlayingCardView.swift */; };
		E4B0DC143F213A6B102AC170 /* Pods_PokerGame.framework in Frameworks */ = {isa = PBXBuildFile; fileRef = AD2E9CF7FD786D7A95812091 /* Pods_PokerGame.framework */; };
/* End PBXBuildFile section */

/* Begin PBXFileReference section */
		84D9303D217FF96400F91DEF /* PokerGame.app */ = {isa = PBXFileReference; explicitFileType = wrapper.application; includeInIndex = 0; path = PokerGame.app; sourceTree = BUILT_PRODUCTS_DIR; };
		84D93040217FF96400F91DEF /* AppDelegate.swift */ = {isa = PBXFileReference; lastKnownFileType = sourcecode.swift; path = AppDelegate.swift; sourceTree = "<group>"; };
		84D93042217FF96400F91DEF /* ViewController.swift */ = {isa = PBXFileReference; lastKnownFileType = sourcecode.swift; path = ViewController.swift; sourceTree = "<group>"; };
		84D93045217FF96400F91DEF /* Base */ = {isa = PBXFileReference; lastKnownFileType = file.storyboard; name = Base; path = Base.lproj/Main.storyboard; sourceTree = "<group>"; };
		84D93047217FF96700F91DEF /* Assets.xcassets */ = {isa = PBXFileReference; lastKnownFileType = folder.assetcatalog; path = Assets.xcassets; sourceTree = "<group>"; };
		84D9304A217FF96700F91DEF /* Base */ = {isa = PBXFileReference; lastKnownFileType = file.storyboard; name = Base; path = Base.lproj/LaunchScreen.storyboard; sourceTree = "<group>"; };
		84D9304C217FF96700F91DEF /* Info.plist */ = {isa = PBXFileReference; lastKnownFileType = text.plist.xml; path = Info.plist; sourceTree = "<group>"; };
		84D93053217FFDB600F91DEF /* PlayingCard.swift */ = {isa = PBXFileReference; lastKnownFileType = sourcecode.swift; path = PlayingCard.swift; sourceTree = "<group>"; };
		84D930552180109D00F91DEF /* PlayingCardDeck.swift */ = {isa = PBXFileReference; lastKnownFileType = sourcecode.swift; path = PlayingCardDeck.swift; sourceTree = "<group>"; };
		84D9305F2180407700F91DEF /* PlayingCardView.swift */ = {isa = PBXFileReference; lastKnownFileType = sourcecode.swift; path = PlayingCardView.swift; sourceTree = "<group>"; };
		AD2E9CF7FD786D7A95812091 /* Pods_PokerGame.framework */ = {isa = PBXFileReference; explicitFileType = wrapper.framework; includeInIndex = 0; path = Pods_PokerGame.framework; sourceTree = BUILT_PRODUCTS_DIR; };
		CE9F0B7D47A6E46713519142 /* Pods-PokerGame.debug.xcconfig */ = {isa = PBXFileReference; includeInIndex = 1; lastKnownFileType = text.xcconfig; name = "Pods-PokerGame.debug.xcconfig"; path = "Pods/Target Support Files/Pods-PokerGame/Pods-PokerGame.debug.xcconfig"; sourceTree = "<group>"; };
		F1E4F489DD8ABDE16F77F6C0 /* Pods-PokerGame.release.xcconfig */ = {isa = PBXFileReference; includeInIndex = 1; lastKnownFileType = text.xcconfig; name = "Pods-PokerGame.release.xcconfig"; path = "Pods/Target Support Files/Pods-PokerGame/Pods-PokerGame.release.xcconfig"; sourceTree = "<group>"; };
/* End PBXFileReference section */

/* Begin PBXFrameworksBuildPhase section */
		84D9303A217FF96400F91DEF /* Frameworks */ = {
			isa = PBXFrameworksBuildPhase;
			buildActionMask = 2147483647;
			files = (
				E4B0DC143F213A6B102AC170 /* Pods_PokerGame.framework in Frameworks */,
			);
			runOnlyForDeploymentPostprocessing = 0;
		};
/* End PBXFrameworksBuildPhase section */

/* Begin PBXGroup section */
		2619E94DE2771E3F2B1E8370 /* Pods */ = {
			isa = PBXGroup;
			children = (
				CE9F0B7D47A6E46713519142 /* Pods-PokerGame.debug.xcconfig */,
				F1E4F489DD8ABDE16F77F6C0 /* Pods-PokerGame.release.xcconfig */,
			);
			name = Pods;
			sourceTree = "<group>";
		};
		38D749CEA00ADDD3693F269C /* Frameworks */ = {
			isa = PBXGroup;
			children = (
				AD2E9CF7FD786D7A95812091 /* Pods_PokerGame.framework */,
			);
			name = Frameworks;
			sourceTree = "<group>";
		};
		84D93034217FF96400F91DEF = {
			isa = PBXGroup;
			children = (
				84D9303F217FF96400F91DEF /* PokerGame */,
				84D9303E217FF96400F91DEF /* Products */,
				2619E94DE2771E3F2B1E8370 /* Pods */,
				38D749CEA00ADDD3693F269C /* Frameworks */,
			);
			sourceTree = "<group>";
		};
		84D9303E217FF96400F91DEF /* Products */ = {
			isa = PBXGroup;
			children = (
				84D9303D217FF96400F91DEF /* PokerGame.app */,
			);
			name = Products;
			sourceTree = "<group>";
		};
		84D9303F217FF96400F91DEF /* PokerGame */ = {
			isa = PBXGroup;
			children = (
				84D93044217FF96400F91DEF /* Main.storyboard */,
				84D93042217FF96400F91DEF /* ViewController.swift */,
				84D9305F2180407700F91DEF /* PlayingCardView.swift */,
				84D93053217FFDB600F91DEF /* PlayingCard.swift */,
				84D930552180109D00F91DEF /* PlayingCardDeck.swift */,
				84D93047217FF96700F91DEF /* Assets.xcassets */,
				84D93052217FF9C400F91DEF /* Supporting Files */,
				84D9304C217FF96700F91DEF /* Info.plist */,
			);
			path = PokerGame;
			sourceTree = "<group>";
		};
		84D93052217FF9C400F91DEF /* Supporting Files */ = {
			isa = PBXGroup;
			children = (
				84D93040217FF96400F91DEF /* AppDelegate.swift */,
				84D93049217FF96700F91DEF /* LaunchScreen.storyboard */,
			);
			path = "Supporting Files";
			sourceTree = "<group>";
		};
/* End PBXGroup section */

/* Begin PBXNativeTarget section */
		84D9303C217FF96400F91DEF /* PokerGame */ = {
			isa = PBXNativeTarget;
			buildConfigurationList = 84D9304F217FF96700F91DEF /* Build configuration list for PBXNativeTarget "PokerGame" */;
			buildPhases = (
				EEE253826888E6649BFA0720 /* [CP] Check Pods Manifest.lock */,
				84D93039217FF96400F91DEF /* Sources */,
				84D9303A217FF96400F91DEF /* Frameworks */,
				84D9303B217FF96400F91DEF /* Resources */,
				AA2CC4C2F50361EEF9258725 /* [CP] Embed Pods Frameworks */,
			);
			buildRules = (
			);
			dependencies = (
			);
			name = PokerGame;
			productName = PokerGame;
			productReference = 84D9303D217FF96400F91DEF /* PokerGame.app */;
			productType = "com.apple.product-type.application";
		};
/* End PBXNativeTarget section */

/* Begin PBXProject section */
		84D93035217FF96400F91DEF /* Project object */ = {
			isa = PBXProject;
			attributes = {
				LastSwiftUpdateCheck = 1000;
				LastUpgradeCheck = 1000;
				ORGANIZATIONNAME = dqv5;
				TargetAttributes = {
					84D9303C217FF96400F91DEF = {
						CreatedOnToolsVersion = 10.0;
					};
				};
			};
			buildConfigurationList = 84D93038217FF96400F91DEF /* Build configuration list for PBXProject "PokerGame" */;
			compatibilityVersion = "Xcode 9.3";
			developmentRegion = en;
			hasScannedForEncodings = 0;
			knownRegions = (
				en,
				Base,
			);
			mainGroup = 84D93034217FF96400F91DEF;
			productRefGroup = 84D9303E217FF96400F91DEF /* Products */;
			projectDirPath = "";
			projectRoot = "";
			targets = (
				84D9303C217FF96400F91DEF /* PokerGame */,
			);
		};
/* End PBXProject section */

/* Begin PBXResourcesBuildPhase section */
		84D9303B217FF96400F91DEF /* Resources */ = {
			isa = PBXResourcesBuildPhase;
			buildActionMask = 2147483647;
			files = (
				84D9304B217FF96700F91DEF /* LaunchScreen.storyboard in Resources */,
				84D93048217FF96700F91DEF /* Assets.xcassets in Resources */,
				84D93046217FF96400F91DEF /* Main.storyboard in Resources */,
			);
			runOnlyForDeploymentPostprocessing = 0;
		};
/* End PBXResourcesBuildPhase section */

/* Begin PBXShellScriptBuildPhase section */
		AA2CC4C2F50361EEF9258725 /* [CP] Embed Pods Frameworks */ = {
			isa = PBXShellScriptBuildPhase;
			buildActionMask = 2147483647;
			files = (
			);
			inputFileListPaths = (
			);
			inputPaths = (
				"${SRCROOT}/Pods/Target Support Files/Pods-PokerGame/Pods-PokerGame-frameworks.sh",
				"${BUILT_PRODUCTS_DIR}/Alamofire/Alamofire.framework",
			);
			name = "[CP] Embed Pods Frameworks";
			outputFileListPaths = (
			);
			outputPaths = (
				"${TARGET_BUILD_DIR}/${FRAMEWORKS_FOLDER_PATH}/Alamofire.framework",
			);
			runOnlyForDeploymentPostprocessing = 0;
			shellPath = /bin/sh;
			shellScript = "\"${SRCROOT}/Pods/Target Support Files/Pods-PokerGame/Pods-PokerGame-frameworks.sh\"\n";
			showEnvVarsInLog = 0;
		};
		EEE253826888E6649BFA0720 /* [CP] Check Pods Manifest.lock */ = {
			isa = PBXShellScriptBuildPhase;
			buildActionMask = 2147483647;
			files = (
			);
			inputFileListPaths = (
			);
			inputPaths = (
				"${PODS_PODFILE_DIR_PATH}/Podfile.lock",
				"${PODS_ROOT}/Manifest.lock",
			);
			name = "[CP] Check Pods Manifest.lock";
			outputFileListPaths = (
			);
			outputPaths = (
				"$(DERIVED_FILE_DIR)/Pods-PokerGame-checkManifestLockResult.txt",
			);
			runOnlyForDeploymentPostprocessing = 0;
			shellPath = /bin/sh;
			shellScript = "diff \"${PODS_PODFILE_DIR_PATH}/Podfile.lock\" \"${PODS_ROOT}/Manifest.lock\" > /dev/null\nif [ $? != 0 ] ; then\n    # print error to STDERR\n    echo \"error: The sandbox is not in sync with the Podfile.lock. Run 'pod install' or update your CocoaPods installation.\" >&2\n    exit 1\nfi\n# This output is used by Xcode 'outputs' to avoid re-running this script phase.\necho \"SUCCESS\" > \"${SCRIPT_OUTPUT_FILE_0}\"\n";
			showEnvVarsInLog = 0;
		};
/* End PBXShellScriptBuildPhase section */

/* Begin PBXSourcesBuildPhase section */
		84D93039217FF96400F91DEF /* Sources */ = {
			isa = PBXSourcesBuildPhase;
			buildActionMask = 2147483647;
			files = (
				84D93043217FF96400F91DEF /* ViewController.swift in Sources */,
				84D930562180109D00F91DEF /* PlayingCardDeck.swift in Sources */,
				84D93054217FFDB600F91DEF /* PlayingCard.swift in Sources */,
				84D930602180407700F91DEF /* PlayingCardView.swift in Sources */,
				84D93041217FF96400F91DEF /* AppDelegate.swift in Sources */,
			);
			runOnlyForDeploymentPostprocessing = 0;
		};
/* End PBXSourcesBuildPhase section */

/* Begin PBXVariantGroup section */
		84D93044217FF96400F91DEF /* Main.storyboard */ = {
			isa = PBXVariantGroup;
			children = (
				84D93045217FF96400F91DEF /* Base */,
			);
			name = Main.storyboard;
			sourceTree = "<group>";
		};
		84D93049217FF96700F91DEF /* LaunchScreen.storyboard */ = {
			isa = PBXVariantGroup;
			children = (
				84D9304A217FF96700F91DEF /* Base */,
			);
			name = LaunchScreen.storyboard;
			sourceTree = "<group>";
		};
/* End PBXVariantGroup section */

/* Begin XCBuildConfiguration section */
		84D9304D217FF96700F91DEF /* Debug */ = {
			isa = XCBuildConfiguration;
			buildSettings = {
				ALWAYS_SEARCH_USER_PATHS = NO;
				CLANG_ANALYZER_NONNULL = YES;
				CLANG_ANALYZER_NUMBER_OBJECT_CONVERSION = YES_AGGRESSIVE;
				CLANG_CXX_LANGUAGE_STANDARD = "gnu++14";
				CLANG_CXX_LIBRARY = "libc++";
				CLANG_ENABLE_MODULES = YES;
				CLANG_ENABLE_OBJC_ARC = YES;
				CLANG_ENABLE_OBJC_WEAK = YES;
				CLANG_WARN_BLOCK_CAPTURE_AUTORELEASING = YES;
				CLANG_WARN_BOOL_CONVERSION = YES;
				CLANG_WARN_COMMA = YES;
				CLANG_WARN_CONSTANT_CONVERSION = YES;
				CLANG_WARN_DEPRECATED_OBJC_IMPLEMENTATIONS = YES;
				CLANG_WARN_DIRECT_OBJC_ISA_USAGE = YES_ERROR;
				CLANG_WARN_DOCUMENTATION_COMMENTS = YES;
				CLANG_WARN_EMPTY_BODY = YES;
				CLANG_WARN_ENUM_CONVERSION = YES;
				CLANG_WARN_INFINITE_RECURSION = YES;
				CLANG_WARN_INT_CONVERSION = YES;
				CLANG_WARN_NON_LITERAL_NULL_CONVERSION = YES;
				CLANG_WARN_OBJC_IMPLICIT_RETAIN_SELF = YES;
				CLANG_WARN_OBJC_LITERAL_CONVERSION = YES;
				CLANG_WARN_OBJC_ROOT_CLASS = YES_ERROR;
				CLANG_WARN_RANGE_LOOP_ANALYSIS = YES;
				CLANG_WARN_STRICT_PROTOTYPES = YES;
				CLANG_WARN_SUSPICIOUS_MOVE = YES;
				CLANG_WARN_UNGUARDED_AVAILABILITY = YES_AGGRESSIVE;
				CLANG_WARN_UNREACHABLE_CODE = YES;
				CLANG_WARN__DUPLICATE_METHOD_MATCH = YES;
				CODE_SIGN_IDENTITY = "iPhone Developer";
				COPY_PHASE_STRIP = NO;
				DEBUG_INFORMATION_FORMAT = dwarf;
				ENABLE_STRICT_OBJC_MSGSEND = YES;
				ENABLE_TESTABILITY = YES;
				GCC_C_LANGUAGE_STANDARD = gnu11;
				GCC_DYNAMIC_NO_PIC = NO;
				GCC_NO_COMMON_BLOCKS = YES;
				GCC_OPTIMIZATION_LEVEL = 0;
				GCC_PREPROCESSOR_DEFINITIONS = (
					"DEBUG=1",
					"$(inherited)",
				);
				GCC_WARN_64_TO_32_BIT_CONVERSION = YES;
				GCC_WARN_ABOUT_RETURN_TYPE = YES_ERROR;
				GCC_WARN_UNDECLARED_SELECTOR = YES;
				GCC_WARN_UNINITIALIZED_AUTOS = YES_AGGRESSIVE;
				GCC_WARN_UNUSED_FUNCTION = YES;
				GCC_WARN_UNUSED_VARIABLE = YES;
				IPHONEOS_DEPLOYMENT_TARGET = 12.0;
				MTL_ENABLE_DEBUG_INFO = INCLUDE_SOURCE;
				MTL_FAST_MATH = YES;
				ONLY_ACTIVE_ARCH = YES;
				SDKROOT = iphoneos;
				SWIFT_ACTIVE_COMPILATION_CONDITIONS = DEBUG;
				SWIFT_OPTIMIZATION_LEVEL = "-Onone";
			};
			name = Debug;
		};
		84D9304E217FF96700F91DEF /* Release */ = {
			isa = XCBuildConfiguration;
			buildSettings = {
				ALWAYS_SEARCH_USER_PATHS = NO;
				CLANG_ANALYZER_NONNULL = YES;
				CLANG_ANALYZER_NUMBER_OBJECT_CONVERSION = YES_AGGRESSIVE;
				CLANG_CXX_LANGUAGE_STANDARD = "gnu++14";
				CLANG_CXX_LIBRARY = "libc++";
				CLANG_ENABLE_MODULES = YES;
				CLANG_ENABLE_OBJC_ARC = YES;
				CLANG_ENABLE_OBJC_WEAK = YES;
				CLANG_WARN_BLOCK_CAPTURE_AUTORELEASING = YES;
				CLANG_WARN_BOOL_CONVERSION = YES;
				CLANG_WARN_COMMA = YES;
				CLANG_WARN_CONSTANT_CONVERSION = YES;
				CLANG_WARN_DEPRECATED_OBJC_IMPLEMENTATIONS = YES;
				CLANG_WARN_DIRECT_OBJC_ISA_USAGE = YES_ERROR;
				CLANG_WARN_DOCUMENTATION_COMMENTS = YES;
				CLANG_WARN_EMPTY_BODY = YES;
				CLANG_WARN_ENUM_CONVERSION = YES;
				CLANG_WARN_INFINITE_RECURSION = YES;
				CLANG_WARN_INT_CONVERSION = YES;
				CLANG_WARN_NON_LITERAL_NULL_CONVERSION = YES;
				CLANG_WARN_OBJC_IMPLICIT_RETAIN_SELF = YES;
				CLANG_WARN_OBJC_LITERAL_CONVERSION = YES;
				CLANG_WARN_OBJC_ROOT_CLASS = YES_ERROR;
				CLANG_WARN_RANGE_LOOP_ANALYSIS = YES;
				CLANG_WARN_STRICT_PROTOTYPES = YES;
				CLANG_WARN_SUSPICIOUS_MOVE = YES;
				CLANG_WARN_UNGUARDED_AVAILABILITY = YES_AGGRESSIVE;
				CLANG_WARN_UNREACHABLE_CODE = YES;
				CLANG_WARN__DUPLICATE_METHOD_MATCH = YES;
				CODE_SIGN_IDENTITY = "iPhone Developer";
				COPY_PHASE_STRIP = NO;
				DEBUG_INFORMATION_FORMAT = "dwarf-with-dsym";
				ENABLE_NS_ASSERTIONS = NO;
				ENABLE_STRICT_OBJC_MSGSEND = YES;
				GCC_C_LANGUAGE_STANDARD = gnu11;
				GCC_NO_COMMON_BLOCKS = YES;
				GCC_WARN_64_TO_32_BIT_CONVERSION = YES;
				GCC_WARN_ABOUT_RETURN_TYPE = YES_ERROR;
				GCC_WARN_UNDECLARED_SELECTOR = YES;
				GCC_WARN_UNINITIALIZED_AUTOS = YES_AGGRESSIVE;
				GCC_WARN_UNUSED_FUNCTION = YES;
				GCC_WARN_UNUSED_VARIABLE = YES;
				IPHONEOS_DEPLOYMENT_TARGET = 12.0;
				MTL_ENABLE_DEBUG_INFO = NO;
				MTL_FAST_MATH = YES;
				SDKROOT = iphoneos;
				SWIFT_COMPILATION_MODE = wholemodule;
				SWIFT_OPTIMIZATION_LEVEL = "-O";
				VALIDATE_PRODUCT = YES;
			};
			name = Release;
		};
		84D93050217FF96700F91DEF /* Debug */ = {
			isa = XCBuildConfiguration;
			baseConfigurationReference = CE9F0B7D47A6E46713519142 /* Pods-PokerGame.debug.xcconfig */;
			buildSettings = {
				ASSETCATALOG_COMPILER_APPICON_NAME = AppIcon;
				CODE_SIGN_STYLE = Automatic;
				DEVELOPMENT_TEAM = 2REHR5YXP3;
				INFOPLIST_FILE = PokerGame/Info.plist;
				LD_RUNPATH_SEARCH_PATHS = (
					"$(inherited)",
					"@executable_path/Frameworks",
				);
				PRODUCT_BUNDLE_IDENTIFIER = com.dqv5.ios.test;
				PRODUCT_NAME = "$(TARGET_NAME)";
				SWIFT_VERSION = 4.2;
				TARGETED_DEVICE_FAMILY = "1,2";
			};
			name = Debug;
		};
		84D93051217FF96700F91DEF /* Release */ = {
			isa = XCBuildConfiguration;
			baseConfigurationReference = F1E4F489DD8ABDE16F77F6C0 /* Pods-PokerGame.release.xcconfig */;
			buildSettings = {
				ASSETCATALOG_COMPILER_APPICON_NAME = AppIcon;
				CODE_SIGN_STYLE = Automatic;
				DEVELOPMENT_TEAM = 2REHR5YXP3;
				INFOPLIST_FILE = PokerGame/Info.plist;
				LD_RUNPATH_SEARCH_PATHS = (
					"$(inherited)",
					"@executable_path/Frameworks",
				);
				PRODUCT_BUNDLE_IDENTIFIER = com.dqv5.ios.test;
				PRODUCT_NAME = "$(TARGET_NAME)";
				SWIFT_VERSION = 4.2;
				TARGETED_DEVICE_FAMILY = "1,2";
			};
			name = Release;
		};
/* End XCBuildConfiguration section */

/* Begin XCConfigurationList section */
		84D93038217FF96400F91DEF /* Build configuration list for PBXProject "PokerGame" */ = {
			isa = XCConfigurationList;
			buildConfigurations = (
				84D9304D217FF96700F91DEF /* Debug */,
				84D9304E217FF96700F91DEF /* Release */,
			);
			defaultConfigurationIsVisible = 0;
			defaultConfigurationName = Release;
		};
		84D9304F217FF96700F91DEF /* Build configuration list for PBXNativeTarget "PokerGame" */ = {
			isa = XCConfigurationList;
			buildConfigurations = (
				84D93050217FF96700F91DEF /* Debug */,
				84D93051217FF96700F91DEF /* Release */,
			);
			defaultConfigurationIsVisible = 0;
			defaultConfigurationName = Release;
		};
/* End XCConfigurationList section */
	};
	rootObject = 84D93035217FF96400F91DEF /* Project object */;
}
